
Microsoft Visual Studio Solution File, Format Version 12.00
# Visual Studio 15
VisualStudioVersion = 15.0.28307.1758
MinimumVisualStudioVersion = 10.0.40219.1
Project("{FAE04EC0-301F-11D3-BF4B-00C04F79EFBC}") = "WebAPIViews", "WebAPIViews\WebAPIViews.csproj", "{B00407E1-CEB0-4B23-B3CD-83A99C392C1A}"
EndProject
Global
	GlobalSection(SolutionConfigurationPlatforms) = preSolution
		Debug|Any CPU = Debug|Any CPU
		Release|Any CPU = Release|Any CPU
	EndGlobalSection
	GlobalSection(ProjectConfigurationPlatforms) = postSolution
		{B00407E1-CEB0-4B23-B3CD-83A99C392C1A}.Debug|Any CPU.ActiveCfg = Debug|Any CPU
		{B00407E1-CEB0-4B23-B3CD-83A99C392C1A}.Debug|Any CPU.Build.0 = Debug|Any CPU
		{B00407E1-CEB0-4B23-B3CD-83A99C392C1A}.Release|Any CPU.ActiveCfg = Release|Any CPU
		{B00407E1-CEB0-4B23-B3CD-83A99C392C1A}.Release|Any CPU.Build.0 = Release|Any CPU
	EndGlobalSection
	GlobalSection(SolutionProperties) = preSolution
		HideSolutionNode = FALSE
	EndGlobalSection
	GlobalSection(ExtensibilityGlobals) = postSolution
		SolutionGuid = {54C6545C-F2F8-49BD-B8FB-BD4FC8F2D346}
	EndGlobalSection
EndGlobal
